// !$*UTF8*$!
{
	archiveVersion = 1;
	classes = {
	};
	objectVersion = 46;
	objects = {

/* Begin PBXBuildFile section */
		A4609DBC1B350BF300099637 /* main.m in Sources */ = {isa = PBXBuildFile; fileRef = A4609DBB1B350BF300099637 /* main.m */; };
		A4609DBF1B350BF300099637 /* AppDelegate.m in Sources */ = {isa = PBXBuildFile; fileRef = A4609DBE1B350BF300099637 /* AppDelegate.m */; };
		A4609DC21B350BF300099637 /* ViewController.m in Sources */ = {isa = PBXBuildFile; fileRef = A4609DC11B350BF300099637 /* ViewController.m */; };
		A4609DC51B350BF300099637 /* Main.storyboard in Resources */ = {isa = PBXBuildFile; fileRef = A4609DC31B350BF300099637 /* Main.storyboard */; };
		A4609DC71B350BF300099637 /* Images.xcassets in Resources */ = {isa = PBXBuildFile; fileRef = A4609DC61B350BF300099637 /* Images.xcassets */; };
		A4609DCA1B350BF300099637 /* LaunchScreen.xib in Resources */ = {isa = PBXBuildFile; fileRef = A4609DC81B350BF300099637 /* LaunchScreen.xib */; };
		A4609DD61B350BF300099637 /* tableviewDefaultEditTests.m in Sources */ = {isa = PBXBuildFile; fileRef = A4609DD51B350BF300099637 /* tableviewDefaultEditTests.m */; };
/* End PBXBuildFile section */

/* Begin PBXContainerItemProxy section */
		A4609DD01B350BF300099637 /* PBXContainerItemProxy */ = {
			isa = PBXContainerItemProxy;
			containerPortal = A4609DAE1B350BF200099637 /* Project object */;
			proxyType = 1;
			remoteGlobalIDString = A4609DB51B350BF300099637;
			remoteInfo = tableviewDefaultEdit;
		};
/* End PBXContainerItemProxy section */

/* Begin PBXFileReference section */
		A4609DB61B350BF300099637 /* tableviewDefaultEdit.app */ = {isa = PBXFileReference; explicitFileType = wrapper.application; includeInIndex = 0; path = tableviewDefaultEdit.app; sourceTree = BUILT_PRODUCTS_DIR; };
		A4609DBA1B350BF300099637 /* Info.plist */ = {isa = PBXFileReference; lastKnownFileType = text.plist.xml; path = Info.plist; sourceTree = "<group>"; };
		A4609DBB1B350BF300099637 /* main.m */ = {isa = PBXFileReference; lastKnownFileType = sourcecode.c.objc; path = main.m; sourceTree = "<group>"; };
		A4609DBD1B350BF300099637 /* AppDelegate.h */ = {isa = PBXFileReference; lastKnownFileType = sourcecode.c.h; path = AppDelegate.h; sourceTree = "<group>"; };
		A4609DBE1B350BF300099637 /* AppDelegate.m */ = {isa = PBXFileReference; lastKnownFileType = sourcecode.c.objc; path = AppDelegate.m; sourceTree = "<group>"; };
		A4609DC01B350BF300099637 /* ViewController.h */ = {isa = PBXFileReference; lastKnownFileType = sourcecode.c.h; path = ViewController.h; sourceTree = "<group>"; };
		A4609DC11B350BF300099637 /* ViewController.m */ = {isa = PBXFileReference; lastKnownFileType = sourcecode.c.objc; path = ViewController.m; sourceTree = "<group>"; };
		A4609DC41B350BF300099637 /* Base */ = {isa = PBXFileReference; lastKnownFileType = file.storyboard; name = Base; path = Base.lproj/Main.storyboard; sourceTree = "<group>"; };
		A4609DC61B350BF300099637 /* Images.xcassets */ = {isa = PBXFileReference; lastKnownFileType = folder.assetcatalog; path = Images.xcassets; sourceTree = "<group>"; };
		A4609DC91B350BF300099637 /* Base */ = {isa = PBXFileReference; lastKnownFileType = file.xib; name = Base; path = Base.lproj/LaunchScreen.xib; sourceTree = "<group>"; };
		A4609DCF1B350BF300099637 /* tableviewDefaultEditTests.xctest */ = {isa = PBXFileReference; explicitFileType = wrapper.cfbundle; includeInIndex = 0; path = tableviewDefaultEditTests.xctest; sourceTree = BUILT_PRODUCTS_DIR; };
		A4609DD41B350BF300099637 /* Info.plist */ = {isa = PBXFileReference; lastKnownFileType = text.plist.xml; path = Info.plist; sourceTree = "<group>"; };
		A4609DD51B350BF300099637 /* tableviewDefaultEditTests.m */ = {isa = PBXFileReference; lastKnownFileType = sourcecode.c.objc; path = tableviewDefaultEditTests.m; sourceTree = "<group>"; };
/* End PBXFileReference section */

/* Begin PBXFrameworksBuildPhase section */
		A4609DB31B350BF300099637 /* Frameworks */ = {
			isa = PBXFrameworksBuildPhase;
			buildActionMask = 2147483647;
			files = (
			);
			runOnlyForDeploymentPostprocessing = 0;
		};
		A4609DCC1B350BF300099637 /* Frameworks */ = {
			isa = PBXFrameworksBuildPhase;
			buildActionMask = 2147483647;
			files = (
			);
			runOnlyForDeploymentPostprocessing = 0;
		};
/* End PBXFrameworksBuildPhase section */

/* Begin PBXGroup section */
		A4609DAD1B350BF200099637 = {
			isa = PBXGroup;
			children = (
				A4609DB81B350BF300099637 /* tableviewDefaultEdit */,
				A4609DD21B350BF300099637 /* tableviewDefaultEditTests */,
				A4609DB71B350BF300099637 /* Products */,
			);
			sourceTree = "<group>";
		};
		A4609DB71B350BF300099637 /* Products */ = {
			isa = PBXGroup;
			children = (
				A4609DB61B350BF300099637 /* tableviewDefaultEdit.app */,
				A4609DCF1B350BF300099637 /* tableviewDefaultEditTests.xctest */,
			);
			name = Products;
			sourceTree = "<group>";
		};
		A4609DB81B350BF300099637 /* tableviewDefaultEdit */ = {
			isa = PBXGroup;
			children = (
				A4609DBD1B350BF300099637 /* AppDelegate.h */,
				A4609DBE1B350BF300099637 /* AppDelegate.m */,
				A4609DC01B350BF300099637 /* ViewController.h */,
				A4609DC11B350BF300099637 /* ViewController.m */,
				A4609DC31B350BF300099637 /* Main.storyboard */,
				A4609DC61B350BF300099637 /* Images.xcassets */,
				A4609DC81B350BF300099637 /* LaunchScreen.xib */,
				A4609DB91B350BF300099637 /* Supporting Files */,
			);
			path = tableviewDefaultEdit;
			sourceTree = "<group>";
		};
		A4609DB91B350BF300099637 /* Supporting Files */ = {
			isa = PBXGroup;
			children = (
				A4609DBA1B350BF300099637 /* Info.plist */,
				A4609DBB1B350BF300099637 /* main.m */,
			);
			name = "Supporting Files";
			sourceTree = "<group>";
		};
		A4609DD21B350BF300099637 /* tableviewDefaultEditTests */ = {
			isa = PBXGroup;
			children = (
				A4609DD51B350BF300099637 /* tableviewDefaultEditTests.m */,
				A4609DD31B350BF300099637 /* Supporting Files */,
			);
			path = tableviewDefaultEditTests;
			sourceTree = "<group>";
		};
		A4609DD31B350BF300099637 /* Supporting Files */ = {
			isa = PBXGroup;
			children = (
				A4609DD41B350BF300099637 /* Info.plist */,
			);
			name = "Supporting Files";
			sourceTree = "<group>";
		};
/* End PBXGroup section */

/* Begin PBXNativeTarget section */
		A4609DB51B350BF300099637 /* tableviewDefaultEdit */ = {
			isa = PBXNativeTarget;
			buildConfigurationList = A4609DD91B350BF300099637 /* Build configuration list for PBXNativeTarget "tableviewDefaultEdit" */;
			buildPhases = (
				A4609DB21B350BF300099637 /* Sources */,
				A4609DB31B350BF300099637 /* Frameworks */,
				A4609DB41B350BF300099637 /* Resources */,
			);
			buildRules = (
			);
			dependencies = (
			);
			name = tableviewDefaultEdit;
			productName = tableviewDefaultEdit;
			productReference = A4609DB61B350BF300099637 /* tableviewDefaultEdit.app */;
			productType = "com.apple.product-type.application";
		};
		A4609DCE1B350BF300099637 /* tableviewDefaultEditTests */ = {
			isa = PBXNativeTarget;
			buildConfigurationList = A4609DDC1B350BF300099637 /* Build configuration list for PBXNativeTarget "tableviewDefaultEditTests" */;
			buildPhases = (
				A4609DCB1B350BF300099637 /* Sources */,
				A4609DCC1B350BF300099637 /* Frameworks */,
				A4609DCD1B350BF300099637 /* Resources */,
			);
			buildRules = (
			);
			dependencies = (
				A4609DD11B350BF300099637 /* PBXTargetDependency */,
			);
			name = tableviewDefaultEditTests;
			productName = tableviewDefaultEditTests;
			productReference = A4609DCF1B350BF300099637 /* tableviewDefaultEditTests.xctest */;
			productType = "com.apple.product-type.bundle.unit-test";
		};
/* End PBXNativeTarget section */

/* Begin PBXProject section */
		A4609DAE1B350BF200099637 /* Project object */ = {
			isa = PBXProject;
			attributes = {
				LastUpgradeCheck = 0630;
				ORGANIZATIONNAME = iwind;
				TargetAttributes = {
					A4609DB51B350BF300099637 = {
						CreatedOnToolsVersion = 6.3.2;
					};
					A4609DCE1B350BF300099637 = {
						CreatedOnToolsVersion = 6.3.2;
						TestTargetID = A4609DB51B350BF300099637;
					};
				};
			};
			buildConfigurationList = A4609DB11B350BF200099637 /* Build configuration list for PBXProject "tableviewDefaultEdit" */;
			compatibilityVersion = "Xcode 3.2";
			developmentRegion = English;
			hasScannedForEncodings = 0;
			knownRegions = (
				en,
				Base,
			);
			mainGroup = A4609DAD1B350BF200099637;
			productRefGroup = A4609DB71B350BF300099637 /* Products */;
			projectDirPath = "";
			projectRoot = "";
			targets = (
				A4609DB51B350BF300099637 /* tableviewDefaultEdit */,
				A4609DCE1B350BF300099637 /* tableviewDefaultEditTests */,
			);
		};
/* End PBXProject section */

/* Begin PBXResourcesBuildPhase section */
		A4609DB41B350BF300099637 /* Resources */ = {
			isa = PBXResourcesBuildPhase;
			buildActionMask = 2147483647;
			files = (
				A4609DC51B350BF300099637 /* Main.storyboard in Resources */,
				A4609DCA1B350BF300099637 /* LaunchScreen.xib in Resources */,
				A4609DC71B350BF300099637 /* Images.xcassets in Resources */,
			);
			runOnlyForDeploymentPostprocessing = 0;
		};
		A4609DCD1B350BF300099637 /* Resources */ = {
			isa = PBXResourcesBuildPhase;
			buildActionMask = 2147483647;
			files = (
			);
			runOnlyForDeploymentPostprocessing = 0;
		};
/* End PBXResourcesBuildPhase section */

/* Begin PBXSourcesBuildPhase section */
		A4609DB21B350BF300099637 /* Sources */ = {
			isa = PBXSourcesBuildPhase;
			buildActionMask = 2147483647;
			files = (
				A4609DC21B350BF300099637 /* ViewController.m in Sources */,
				A4609DBF1B350BF300099637 /* AppDelegate.m in Sources */,
				A4609DBC1B350BF300099637 /* main.m in Sources */,
			);
			runOnlyForDeploymentPostprocessing = 0;
		};
		A4609DCB1B350BF300099637 /* Sources */ = {
			isa = PBXSourcesBuildPhase;
			buildActionMask = 2147483647;
			files = (
				A4609DD61B350BF300099637 /* tableviewDefaultEditTests.m in Sources */,
			);
			runOnlyForDeploymentPostprocessing = 0;
		};
/* End PBXSourcesBuildPhase section */

/* Begin PBXTargetDependency section */
		A4609DD11B350BF300099637 /* PBXTargetDependency */ = {
			isa = PBXTargetDependency;
			target = A4609DB51B350BF300099637 /* tableviewDefaultEdit */;
			targetProxy = A4609DD01B350BF300099637 /* PBXContainerItemProxy */;
		};
/* End PBXTargetDependency section */

/* Begin PBXVariantGroup section */
		A4609DC31B350BF300099637 /* Main.storyboard */ = {
			isa = PBXVariantGroup;
			children = (
				A4609DC41B350BF300099637 /* Base */,
			);
			name = Main.storyboard;
			sourceTree = "<group>";
		};
		A4609DC81B350BF300099637 /* LaunchScreen.xib */ = {
			isa = PBXVariantGroup;
			children = (
				A4609DC91B350BF300099637 /* Base */,
			);
			name = LaunchScreen.xib;
			sourceTree = "<group>";
		};
/* End PBXVariantGroup section */

/* Begin XCBuildConfiguration section */
		A4609DD71B350BF300099637 /* Debug */ = {
			isa = XCBuildConfiguration;
			buildSettings = {
				ALWAYS_SEARCH_USER_PATHS = NO;
				CLANG_CXX_LANGUAGE_STANDARD = "gnu++0x";
				CLANG_CXX_LIBRARY = "libc++";
				CLANG_ENABLE_MODULES = YES;
				CLANG_ENABLE_OBJC_ARC = YES;
				CLANG_WARN_BOOL_CONVERSION = YES;
				CLANG_WARN_CONSTANT_CONVERSION = YES;
				CLANG_WARN_DIRECT_OBJC_ISA_USAGE = YES_ERROR;
				CLANG_WARN_EMPTY_BODY = YES;
				CLANG_WARN_ENUM_CONVERSION = YES;
				CLANG_WARN_INT_CONVERSION = YES;
				CLANG_WARN_OBJC_ROOT_CLASS = YES_ERROR;
				CLANG_WARN_UNREACHABLE_CODE = YES;
				CLANG_WARN__DUPLICATE_METHOD_MATCH = YES;
				"CODE_SIGN_IDENTITY[sdk=iphoneos*]" = "iPhone Developer";
				COPY_PHASE_STRIP = NO;
				DEBUG_INFORMATION_FORMAT = "dwarf-with-dsym";
				ENABLE_STRICT_OBJC_MSGSEND = YES;
				GCC_C_LANGUAGE_STANDARD = gnu99;
				GCC_DYNAMIC_NO_PIC = NO;
				GCC_NO_COMMON_BLOCKS = YES;
				GCC_OPTIMIZATION_LEVEL = 0;
				GCC_PREPROCESSOR_DEFINITIONS = (
					"DEBUG=1",
					"$(inherited)",
				);
				GCC_SYMBOLS_PRIVATE_EXTERN = NO;
				GCC_WARN_64_TO_32_BIT_CONVERSION = YES;
				GCC_WARN_ABOUT_RETURN_TYPE = YES_ERROR;
				GCC_WARN_UNDECLARED_SELECTOR = YES;
				GCC_WARN_UNINITIALIZED_AUTOS = YES_AGGRESSIVE;
				GCC_WARN_UNUSED_FUNCTION = YES;
				GCC_WARN_UNUSED_VARIABLE = YES;
				IPHONEOS_DEPLOYMENT_TARGET = 8.3;
				MTL_ENABLE_DEBUG_INFO = YES;
				ONLY_ACTIVE_ARCH = YES;
				SDKROOT = iphoneos;
			};
			name = Debug;
		};
		A4609DD81B350BF300099637 /* Release */ = {
			isa = XCBuildConfiguration;
			buildSettings = {
				ALWAYS_SEARCH_USER_PATHS = NO;
				CLANG_CXX_LANGUAGE_STANDARD = "gnu++0x";
				CLANG_CXX_LIBRARY = "libc++";
				CLANG_ENABLE_MODULES = YES;
				CLANG_ENABLE_OBJC_ARC = YES;
				CLANG_WARN_BOOL_CONVERSION = YES;
				CLANG_WARN_CONSTANT_CONVERSION = YES;
				CLANG_WARN_DIRECT_OBJC_ISA_USAGE = YES_ERROR;
				CLANG_WARN_EMPTY_BODY = YES;
				CLANG_WARN_ENUM_CONVERSION = YES;
				CLANG_WARN_INT_CONVERSION = YES;
				CLANG_WARN_OBJC_ROOT_CLASS = YES_ERROR;
				CLANG_WARN_UNREACHABLE_CODE = YES;
				CLANG_WARN__DUPLICATE_METHOD_MATCH = YES;
				"CODE_SIGN_IDENTITY[sdk=iphoneos*]" = "iPhone Developer";
				COPY_PHASE_STRIP = NO;
				DEBUG_INFORMATION_FORMAT = "dwarf-with-dsym";
				ENABLE_NS_ASSERTIONS = NO;
				ENABLE_STRICT_OBJC_MSGSEND = YES;
				GCC_C_LANGUAGE_STANDARD = gnu99;
				GCC_NO_COMMON_BLOCKS = YES;
				GCC_WARN_64_TO_32_BIT_CONVERSION = YES;
				GCC_WARN_ABOUT_RETURN_TYPE = YES_ERROR;
				GCC_WARN_UNDECLARED_SELECTOR = YES;
				GCC_WARN_UNINITIALIZED_AUTOS = YES_AGGRESSIVE;
				GCC_WARN_UNUSED_FUNCTION = YES;
				GCC_WARN_UNUSED_VARIABLE = YES;
				IPHONEOS_DEPLOYMENT_TARGET = 8.3;
				MTL_ENABLE_DEBUG_INFO = NO;
				SDKROOT = iphoneos;
				VALIDATE_PRODUCT = YES;
			};
			name = Release;
		};
		A4609DDA1B350BF300099637 /* Debug */ = {
			isa = XCBuildConfiguration;
			buildSettings = {
				ASSETCATALOG_COMPILER_APPICON_NAME = AppIcon;
				INFOPLIST_FILE = tableviewDefaultEdit/Info.plist;
				LD_RUNPATH_SEARCH_PATHS = "$(inherited) @executable_path/Frameworks";
				PRODUCT_NAME = "$(TARGET_NAME)";
			};
			name = Debug;
		};
		A4609DDB1B350BF300099637 /* Release */ = {
			isa = XCBuildConfiguration;
			buildSettings = {
				ASSETCATALOG_COMPILER_APPICON_NAME = AppIcon;
				INFOPLIST_FILE = tableviewDefaultEdit/Info.plist;
				LD_RUNPATH_SEARCH_PATHS = "$(inherited) @executable_path/Frameworks";
				PRODUCT_NAME = "$(TARGET_NAME)";
			};
			name = Release;
		};
		A4609DDD1B350BF300099637 /* Debug */ = {
			isa = XCBuildConfiguration;
			buildSettings = {
				BUNDLE_LOADER = "$(TEST_HOST)";
				FRAMEWORK_SEARCH_PATHS = (
					"$(SDKROOT)/Developer/Library/Frameworks",
					"$(inherited)",
				);
				GCC_PREPROCESSOR_DEFINITIONS = (
					"DEBUG=1",
					"$(inherited)",
				);
				INFOPLIST_FILE = tableviewDefaultEditTests/Info.plist;
				LD_RUNPATH_SEARCH_PATHS = "$(inherited) @executable_path/Frameworks @loader_path/Frameworks";
				PRODUCT_NAME = "$(TARGET_NAME)";
				TEST_HOST = "$(BUILT_PRODUCTS_DIR)/tableviewDefaultEdit.app/tableviewDefaultEdit";
			};
			name = Debug;
		};
		A4609DDE1B350BF300099637 /* Release */ = {
			isa = XCBuildConfiguration;
			buildSettings = {
				BUNDLE_LOADER = "$(TEST_HOST)";
				FRAMEWORK_SEARCH_PATHS = (
					"$(SDKROOT)/Developer/Library/Frameworks",
					"$(inherited)",
				);
				INFOPLIST_FILE = tableviewDefaultEditTests/Info.plist;
				LD_RUNPATH_SEARCH_PATHS = "$(inherited) @executable_path/Frameworks @loader_path/Frameworks";
				PRODUCT_NAME = "$(TARGET_NAME)";
				TEST_HOST = "$(BUILT_PRODUCTS_DIR)/tableviewDefaultEdit.app/tableviewDefaultEdit";
			};
			name = Release;
		};
/* End XCBuildConfiguration section */

/* Begin XCConfigurationList section */
		A4609DB11B350BF200099637 /* Build configuration list for PBXProject "tableviewDefaultEdit" */ = {
			isa = XCConfigurationList;
			buildConfigurations = (
				A4609DD71B350BF300099637 /* Debug */,
				A4609DD81B350BF300099637 /* Release */,
			);
			defaultConfigurationIsVisible = 0;
			defaultConfigurationName = Release;
		};
		A4609DD91B350BF300099637 /* Build configuration list for PBXNativeTarget "tableviewDefaultEdit" */ = {
			isa = XCConfigurationList;
			buildConfigurations = (
				A4609DDA1B350BF300099637 /* Debug */,
				A4609DDB1B350BF300099637 /* Release */,
			);
			defaultConfigurationIsVisible = 0;
		};
		A4609DDC1B350BF300099637 /* Build configuration list for PBXNativeTarget "tableviewDefaultEditTests" */ = {
			isa = XCConfigurationList;
			buildConfigurations = (
				A4609DDD1B350BF300099637 /* Debug */,
				A4609DDE1B350BF300099637 /* Release */,
			);
			defaultConfigurationIsVisible = 0;
		};
/* End XCConfigurationList section */
	};
	rootObject = A4609DAE1B350BF200099637 /* Project object */;
}
